
Microsoft Visual Studio Solution File, Format Version 12.00
# Visual Studio Version 17
VisualStudioVersion = 17.11.34929.205
MinimumVisualStudioVersion = 10.0.40219.1
Project("{9A19103F-16F7-4668-BE54-9A1E7A4F7556}") = "Windows認証テスト", "Widnows認証テスト\Windows認証テスト.csproj", "{03FD14A8-8FAD-4C4D-B9ED-00AE6EB14C47}"
EndProject
Global
	GlobalSection(SolutionConfigurationPlatforms) = preSolution
		Debug|Any CPU = Debug|Any CPU
		Release|Any CPU = Release|Any CPU
	EndGlobalSection
	GlobalSection(ProjectConfigurationPlatforms) = postSolution
		{03FD14A8-8FAD-4C4D-B9ED-00AE6EB14C47}.Debug|Any CPU.ActiveCfg = Debug|Any CPU
		{03FD14A8-8FAD-4C4D-B9ED-00AE6EB14C47}.Debug|Any CPU.Build.0 = Debug|Any CPU
		{03FD14A8-8FAD-4C4D-B9ED-00AE6EB14C47}.Release|Any CPU.ActiveCfg = Release|Any CPU
		{03FD14A8-8FAD-4C4D-B9ED-00AE6EB14C47}.Release|Any CPU.Build.0 = Release|Any CPU
	EndGlobalSection
	GlobalSection(SolutionProperties) = preSolution
		HideSolutionNode = FALSE
	EndGlobalSection
	GlobalSection(ExtensibilityGlobals) = postSolution
		SolutionGuid = {3130AFE2-8768-4A11-9553-5D37C1AF69EF}
	EndGlobalSection
EndGlobal
